
Microsoft Visual Studio Solution File, Format Version 12.00
# Visual Studio Version 16
VisualStudioVersion = 16.0.808.7
MinimumVisualStudioVersion = 10.0.40219.1
Project("{FAE04EC0-301F-11D3-BF4B-00C04F79EFBC}") = "client", "client.csproj", "{BB4B75F4-4077-4DA1-89D9-A065FDB15D2E}"
EndProject
Global
	GlobalSection(SolutionConfigurationPlatforms) = preSolution
		Debug|Any CPU = Debug|Any CPU
		Release|Any CPU = Release|Any CPU
	EndGlobalSection
	GlobalSection(ProjectConfigurationPlatforms) = postSolution
		{BB4B75F4-4077-4DA1-89D9-A065FDB15D2E}.Debug|Any CPU.ActiveCfg = Debug|Any CPU
		{BB4B75F4-4077-4DA1-89D9-A065FDB15D2E}.Debug|Any CPU.Build.0 = Debug|Any CPU
		{BB4B75F4-4077-4DA1-89D9-A065FDB15D2E}.Release|Any CPU.ActiveCfg = Release|Any CPU
		{BB4B75F4-4077-4DA1-89D9-A065FDB15D2E}.Release|Any CPU.Build.0 = Release|Any CPU
	EndGlobalSection
	GlobalSection(SolutionProperties) = preSolution
		HideSolutionNode = FALSE
	EndGlobalSection
	GlobalSection(ExtensibilityGlobals) = postSolution
		SolutionGuid = {EBF2C864-39D7-46E3-8E9D-4E1FC5C18561}
	EndGlobalSection
EndGlobal
